
Microsoft Visual Studio Solution File, Format Version 12.00
# Visual Studio Version 16
VisualStudioVersion = 16.0.31129.286
MinimumVisualStudioVersion = 10.0.40219.1
Project("{159641D6-6404-4A2A-AE62-294DE0FE8301}") = "ssistechbrothers", "ssistechbrothers\ssistechbrothers.dtproj", "{F47B2BD2-9618-4393-8A57-B0D9C74E6310}"
EndProject
Global
	GlobalSection(SolutionConfigurationPlatforms) = preSolution
		Development|Default = Development|Default
	EndGlobalSection
	GlobalSection(ProjectConfigurationPlatforms) = postSolution
		{F47B2BD2-9618-4393-8A57-B0D9C74E6310}.Development|Default.ActiveCfg = Development
		{F47B2BD2-9618-4393-8A57-B0D9C74E6310}.Development|Default.Build.0 = Development
	EndGlobalSection
	GlobalSection(SolutionProperties) = preSolution
		HideSolutionNode = FALSE
	EndGlobalSection
	GlobalSection(ExtensibilityGlobals) = postSolution
		SolutionGuid = {3587C270-463B-4276-AD60-1F4A78B394BA}
	EndGlobalSection
EndGlobal
